
Microsoft Visual Studio Solution File, Format Version 12.00
# Visual Studio Version 16
VisualStudioVersion = 16.0.29503.13
MinimumVisualStudioVersion = 10.0.40219.1
Project("{FAE04EC0-301F-11D3-BF4B-00C04F79EFBC}") = "ChallengeSem22019", "ChallengeSem22019\ChallengeSem22019.csproj", "{DC18F8DC-F4CE-47A5-A65C-51C05F449F1B}"
EndProject
Global
	GlobalSection(SolutionConfigurationPlatforms) = preSolution
		Debug|Any CPU = Debug|Any CPU
		Release|Any CPU = Release|Any CPU
	EndGlobalSection
	GlobalSection(ProjectConfigurationPlatforms) = postSolution
		{DC18F8DC-F4CE-47A5-A65C-51C05F449F1B}.Debug|Any CPU.ActiveCfg = Debug|Any CPU
		{DC18F8DC-F4CE-47A5-A65C-51C05F449F1B}.Debug|Any CPU.Build.0 = Debug|Any CPU
		{DC18F8DC-F4CE-47A5-A65C-51C05F449F1B}.Release|Any CPU.ActiveCfg = Release|Any CPU
		{DC18F8DC-F4CE-47A5-A65C-51C05F449F1B}.Release|Any CPU.Build.0 = Release|Any CPU
	EndGlobalSection
	GlobalSection(SolutionProperties) = preSolution
		HideSolutionNode = FALSE
	EndGlobalSection
	GlobalSection(ExtensibilityGlobals) = postSolution
		SolutionGuid = {52A12195-6BDE-4E53-9CA8-37F7DC7AAAE3}
	EndGlobalSection
EndGlobal
